// !$*UTF8*$!
{
	archiveVersion = 1;
	classes = {
	};
	objectVersion = 55;
	objects = {

/* Begin PBXBuildFile section */
		660723D82898CE9B0010A3D4 /* Sql.swift in Sources */ = {isa = PBXBuildFile; fileRef = 660723D72898CE9B0010A3D4 /* Sql.swift */; };
		6611868728326CFE0002A832 /* LoginViewPresenter.swift in Sources */ = {isa = PBXBuildFile; fileRef = 6611868628326CFE0002A832 /* LoginViewPresenter.swift */; };
		6611868928326D340002A832 /* LoginViewModel.swift in Sources */ = {isa = PBXBuildFile; fileRef = 6611868828326D340002A832 /* LoginViewModel.swift */; };
		661197982831667C0033CB33 /* SCDream2.otf in Resources */ = {isa = PBXBuildFile; fileRef = 6611978F2831667A0033CB33 /* SCDream2.otf */; };
		661197992831667C0033CB33 /* SCDream1.otf in Resources */ = {isa = PBXBuildFile; fileRef = 661197902831667A0033CB33 /* SCDream1.otf */; };
		6611979A2831667C0033CB33 /* SCDream6.otf in Resources */ = {isa = PBXBuildFile; fileRef = 661197912831667B0033CB33 /* SCDream6.otf */; };
		6611979B2831667C0033CB33 /* SCDream4.otf in Resources */ = {isa = PBXBuildFile; fileRef = 661197922831667B0033CB33 /* SCDream4.otf */; };
		6611979C2831667C0033CB33 /* SCDream8.otf in Resources */ = {isa = PBXBuildFile; fileRef = 661197932831667B0033CB33 /* SCDream8.otf */; };
		6611979D2831667C0033CB33 /* SCDream5.otf in Resources */ = {isa = PBXBuildFile; fileRef = 661197942831667B0033CB33 /* SCDream5.otf */; };
		6611979E2831667C0033CB33 /* SCDream9.otf in Resources */ = {isa = PBXBuildFile; fileRef = 661197952831667B0033CB33 /* SCDream9.otf */; };
		6611979F2831667C0033CB33 /* SCDream3.otf in Resources */ = {isa = PBXBuildFile; fileRef = 661197962831667C0033CB33 /* SCDream3.otf */; };
		661197A02831667C0033CB33 /* SCDream7.otf in Resources */ = {isa = PBXBuildFile; fileRef = 661197972831667C0033CB33 /* SCDream7.otf */; };
		661197A2283174FE0033CB33 /* UITextField_Extention.swift in Sources */ = {isa = PBXBuildFile; fileRef = 661197A1283174FE0033CB33 /* UITextField_Extention.swift */; };
		6625937328C33A6B0034F4C1 /* SideMenuNavigation.swift in Sources */ = {isa = PBXBuildFile; fileRef = 6625937228C33A6B0034F4C1 /* SideMenuNavigation.swift */; };
		6625937628C33ACF0034F4C1 /* SideMenuViewController.swift in Sources */ = {isa = PBXBuildFile; fileRef = 6625937528C33ACF0034F4C1 /* SideMenuViewController.swift */; };
		6625937928C3447F0034F4C1 /* SideMenuTableViewCell.swift in Sources */ = {isa = PBXBuildFile; fileRef = 6625937728C3447F0034F4C1 /* SideMenuTableViewCell.swift */; };
		6625937A28C3447F0034F4C1 /* SideMenuTableViewCell.xib in Resources */ = {isa = PBXBuildFile; fileRef = 6625937828C3447F0034F4C1 /* SideMenuTableViewCell.xib */; };
		664AB73E28D8A52000D753DF /* Type1TableViewCell.swift in Sources */ = {isa = PBXBuildFile; fileRef = 664AB73C28D8A52000D753DF /* Type1TableViewCell.swift */; };
		664AB73F28D8A52000D753DF /* Type1TableViewCell.xib in Resources */ = {isa = PBXBuildFile; fileRef = 664AB73D28D8A52000D753DF /* Type1TableViewCell.xib */; };
		664B2DAE27FC708D00109DFB /* AppDelegate.swift in Sources */ = {isa = PBXBuildFile; fileRef = 664B2DAD27FC708D00109DFB /* AppDelegate.swift */; };
		664B2DB027FC708D00109DFB /* SceneDelegate.swift in Sources */ = {isa = PBXBuildFile; fileRef = 664B2DAF27FC708D00109DFB /* SceneDelegate.swift */; };
		664B2DB527FC708D00109DFB /* Main.storyboard in Resources */ = {isa = PBXBuildFile; fileRef = 664B2DB327FC708D00109DFB /* Main.storyboard */; };
		664B2DB727FC708E00109DFB /* Assets.xcassets in Resources */ = {isa = PBXBuildFile; fileRef = 664B2DB627FC708E00109DFB /* Assets.xcassets */; };
		664B2DBA27FC708E00109DFB /* LaunchScreen.storyboard in Resources */ = {isa = PBXBuildFile; fileRef = 664B2DB827FC708E00109DFB /* LaunchScreen.storyboard */; };
		666C5C8F28A77E1700991176 /* ChattingViewController.swift in Sources */ = {isa = PBXBuildFile; fileRef = 666C5C8E28A77E1700991176 /* ChattingViewController.swift */; };
		6678F5B128A8C7840049938F /* JalnanOTF.otf in Resources */ = {isa = PBXBuildFile; fileRef = 6678F5B028A8C7840049938F /* JalnanOTF.otf */; };
		667A9AE128AD0DC40068582F /* MyTableViewCell.swift in Sources */ = {isa = PBXBuildFile; fileRef = 667A9ADF28AD0DC40068582F /* MyTableViewCell.swift */; };
		667A9AE228AD0DC40068582F /* MyTableViewCell.xib in Resources */ = {isa = PBXBuildFile; fileRef = 667A9AE028AD0DC40068582F /* MyTableViewCell.xib */; };
		66992B2E28D06533008E0E7A /* ReportPopUpViewController.swift in Sources */ = {isa = PBXBuildFile; fileRef = 66992B2D28D06533008E0E7A /* ReportPopUpViewController.swift */; };
		669BBB4B28AF551900EB4DF4 /* UITextView_Extention.swift in Sources */ = {isa = PBXBuildFile; fileRef = 669BBB4A28AF551900EB4DF4 /* UITextView_Extention.swift */; };
		669BBB4D28AF658D00EB4DF4 /* RoomInNameRow.swift in Sources */ = {isa = PBXBuildFile; fileRef = 669BBB4C28AF658D00EB4DF4 /* RoomInNameRow.swift */; };
		669BBB4F28AF688100EB4DF4 /* RoomInNamesRow.swift in Sources */ = {isa = PBXBuildFile; fileRef = 669BBB4E28AF688100EB4DF4 /* RoomInNamesRow.swift */; };
		669BBB5328AF6A9200EB4DF4 /* ChatInfoRow.swift in Sources */ = {isa = PBXBuildFile; fileRef = 669BBB5228AF6A9200EB4DF4 /* ChatInfoRow.swift */; };
		66A126452865D978007B3547 /* LoginRequest.swift in Sources */ = {isa = PBXBuildFile; fileRef = 66A126442865D978007B3547 /* LoginRequest.swift */; };
		66A126472865E48A007B3547 /* LoginResponse.swift in Sources */ = {isa = PBXBuildFile; fileRef = 66A126462865E48A007B3547 /* LoginResponse.swift */; };
		66AA9F5B2840B04E00988A60 /* MainTableViewCell.swift in Sources */ = {isa = PBXBuildFile; fileRef = 66AA9F592840B04E00988A60 /* MainTableViewCell.swift */; };
		66AA9F5C2840B04E00988A60 /* MainTableViewCell.xib in Resources */ = {isa = PBXBuildFile; fileRef = 66AA9F5A2840B04E00988A60 /* MainTableViewCell.xib */; };
		66B195AB28BCAC1A00019892 /* YourTableViewCell.swift in Sources */ = {isa = PBXBuildFile; fileRef = 66B195A928BCAC1A00019892 /* YourTableViewCell.swift */; };
		66B195AC28BCAC1A00019892 /* YourTableViewCell.xib in Resources */ = {isa = PBXBuildFile; fileRef = 66B195AA28BCAC1A00019892 /* YourTableViewCell.xib */; };
		66B530842844C1770064B490 /* MainViewPresenter.swift in Sources */ = {isa = PBXBuildFile; fileRef = 66B530832844C1770064B490 /* MainViewPresenter.swift */; };
		66B530862844C1C10064B490 /* MainViewModel.swift in Sources */ = {isa = PBXBuildFile; fileRef = 66B530852844C1C10064B490 /* MainViewModel.swift */; };
		66B8D185283DDA76000EB71B /* Protocol.swift in Sources */ = {isa = PBXBuildFile; fileRef = 66B8D184283DDA76000EB71B /* Protocol.swift */; };
		66C1F7FC28314949001FD2FE /* MainViewController.swift in Sources */ = {isa = PBXBuildFile; fileRef = 66C1F7FB28314949001FD2FE /* MainViewController.swift */; };
		66C1F7FE28314951001FD2FE /* LoginViewController.swift in Sources */ = {isa = PBXBuildFile; fileRef = 66C1F7FD28314951001FD2FE /* LoginViewController.swift */; };
		66C1F80128314A34001FD2FE /* UIView_Extention.swift in Sources */ = {isa = PBXBuildFile; fileRef = 66C1F80028314A34001FD2FE /* UIView_Extention.swift */; };
		66C8773228A226EB002903CF /* RoomInfoRow.swift in Sources */ = {isa = PBXBuildFile; fileRef = 66C8773128A226EB002903CF /* RoomInfoRow.swift */; };
		66C9A4E62893A8870073C0C4 /* SettingViewController.swift in Sources */ = {isa = PBXBuildFile; fileRef = 66C9A4E52893A8870073C0C4 /* SettingViewController.swift */; };
		66D0634D28AE02870024E1AF /* NotiRoomInfo.swift in Sources */ = {isa = PBXBuildFile; fileRef = 66D0634C28AE02870024E1AF /* NotiRoomInfo.swift */; };
		66D0635028AE0E3A0024E1AF /* UserInfoRow.swift in Sources */ = {isa = PBXBuildFile; fileRef = 66D0634F28AE0E3A0024E1AF /* UserInfoRow.swift */; };
		66E1C78C28E95260002DEF1C /* ConnectChat.swift in Sources */ = {isa = PBXBuildFile; fileRef = 66E1C78B28E95260002DEF1C /* ConnectChat.swift */; };
		66E9800B28C4BC4F00136504 /* OutMessageTableViewCell.swift in Sources */ = {isa = PBXBuildFile; fileRef = 66E9800928C4BC4F00136504 /* OutMessageTableViewCell.swift */; };
		66E9800C28C4BC4F00136504 /* OutMessageTableViewCell.xib in Resources */ = {isa = PBXBuildFile; fileRef = 66E9800A28C4BC4F00136504 /* OutMessageTableViewCell.xib */; };
		66F5BEB72804643D0002240C /* GoogleService-Info.plist in Resources */ = {isa = PBXBuildFile; fileRef = 66F5BEB62804643D0002240C /* GoogleService-Info.plist */; };
		66F5EEAA287C57350057C285 /* UINavigationController.swift in Sources */ = {isa = PBXBuildFile; fileRef = 66F5EEA9287C57350057C285 /* UINavigationController.swift */; };
		66FB085D28D73E8000901880 /* SettingTableViewCell.swift in Sources */ = {isa = PBXBuildFile; fileRef = 66FB085B28D73E8000901880 /* SettingTableViewCell.swift */; };
		66FB085E28D73E8000901880 /* SettingTableViewCell.xib in Resources */ = {isa = PBXBuildFile; fileRef = 66FB085C28D73E8000901880 /* SettingTableViewCell.xib */; };
		6E7867EFD964041F86EF3311 /* Pods_Nyang_Village.framework in Frameworks */ = {isa = PBXBuildFile; fileRef = D894EDED1EF20D4DC2AF2E62 /* Pods_Nyang_Village.framework */; };
/* End PBXBuildFile section */

/* Begin PBXFileReference section */
		660723D72898CE9B0010A3D4 /* Sql.swift */ = {isa = PBXFileReference; lastKnownFileType = sourcecode.swift; path = Sql.swift; sourceTree = "<group>"; };
		6611868628326CFE0002A832 /* LoginViewPresenter.swift */ = {isa = PBXFileReference; lastKnownFileType = sourcecode.swift; path = LoginViewPresenter.swift; sourceTree = "<group>"; };
		6611868828326D340002A832 /* LoginViewModel.swift */ = {isa = PBXFileReference; lastKnownFileType = sourcecode.swift; path = LoginViewModel.swift; sourceTree = "<group>"; };
		6611978F2831667A0033CB33 /* SCDream2.otf */ = {isa = PBXFileReference; lastKnownFileType = file; path = SCDream2.otf; sourceTree = "<group>"; };
		661197902831667A0033CB33 /* SCDream1.otf */ = {isa = PBXFileReference; lastKnownFileType = file; path = SCDream1.otf; sourceTree = "<group>"; };
		661197912831667B0033CB33 /* SCDream6.otf */ = {isa = PBXFileReference; lastKnownFileType = file; path = SCDream6.otf; sourceTree = "<group>"; };
		661197922831667B0033CB33 /* SCDream4.otf */ = {isa = PBXFileReference; lastKnownFileType = file; path = SCDream4.otf; sourceTree = "<group>"; };
		661197932831667B0033CB33 /* SCDream8.otf */ = {isa = PBXFileReference; lastKnownFileType = file; path = SCDream8.otf; sourceTree = "<group>"; };
		661197942831667B0033CB33 /* SCDream5.otf */ = {isa = PBXFileReference; lastKnownFileType = file; path = SCDream5.otf; sourceTree = "<group>"; };
		661197952831667B0033CB33 /* SCDream9.otf */ = {isa = PBXFileReference; lastKnownFileType = file; path = SCDream9.otf; sourceTree = "<group>"; };
		661197962831667C0033CB33 /* SCDream3.otf */ = {isa = PBXFileReference; lastKnownFileType = file; path = SCDream3.otf; sourceTree = "<group>"; };
		661197972831667C0033CB33 /* SCDream7.otf */ = {isa = PBXFileReference; lastKnownFileType = file; path = SCDream7.otf; sourceTree = "<group>"; };
		661197A1283174FE0033CB33 /* UITextField_Extention.swift */ = {isa = PBXFileReference; lastKnownFileType = sourcecode.swift; path = UITextField_Extention.swift; sourceTree = "<group>"; };
		6625937228C33A6B0034F4C1 /* SideMenuNavigation.swift */ = {isa = PBXFileReference; lastKnownFileType = sourcecode.swift; path = SideMenuNavigation.swift; sourceTree = "<group>"; };
		6625937528C33ACF0034F4C1 /* SideMenuViewController.swift */ = {isa = PBXFileReference; lastKnownFileType = sourcecode.swift; path = SideMenuViewController.swift; sourceTree = "<group>"; };
		6625937728C3447F0034F4C1 /* SideMenuTableViewCell.swift */ = {isa = PBXFileReference; lastKnownFileType = sourcecode.swift; path = SideMenuTableViewCell.swift; sourceTree = "<group>"; };
		6625937828C3447F0034F4C1 /* SideMenuTableViewCell.xib */ = {isa = PBXFileReference; lastKnownFileType = file.xib; path = SideMenuTableViewCell.xib; sourceTree = "<group>"; };
		664AB73C28D8A52000D753DF /* Type1TableViewCell.swift */ = {isa = PBXFileReference; lastKnownFileType = sourcecode.swift; path = Type1TableViewCell.swift; sourceTree = "<group>"; };
		664AB73D28D8A52000D753DF /* Type1TableViewCell.xib */ = {isa = PBXFileReference; lastKnownFileType = file.xib; path = Type1TableViewCell.xib; sourceTree = "<group>"; };
		664B2DAA27FC708D00109DFB /* Nyang Village.app */ = {isa = PBXFileReference; explicitFileType = wrapper.application; includeInIndex = 0; path = "Nyang Village.app"; sourceTree = BUILT_PRODUCTS_DIR; };
		664B2DAD27FC708D00109DFB /* AppDelegate.swift */ = {isa = PBXFileReference; lastKnownFileType = sourcecode.swift; path = AppDelegate.swift; sourceTree = "<group>"; };
		664B2DAF27FC708D00109DFB /* SceneDelegate.swift */ = {isa = PBXFileReference; lastKnownFileType = sourcecode.swift; path = SceneDelegate.swift; sourceTree = "<group>"; };
		664B2DB427FC708D00109DFB /* Base */ = {isa = PBXFileReference; lastKnownFileType = file.storyboard; name = Base; path = Base.lproj/Main.storyboard; sourceTree = "<group>"; };
		664B2DB627FC708E00109DFB /* Assets.xcassets */ = {isa = PBXFileReference; lastKnownFileType = folder.assetcatalog; path = Assets.xcassets; sourceTree = "<group>"; };
		664B2DB927FC708E00109DFB /* Base */ = {isa = PBXFileReference; lastKnownFileType = file.storyboard; name = Base; path = Base.lproj/LaunchScreen.storyboard; sourceTree = "<group>"; };
		664B2DBB27FC708E00109DFB /* Info.plist */ = {isa = PBXFileReference; lastKnownFileType = text.plist.xml; path = Info.plist; sourceTree = "<group>"; };
		664F296B280469A100F1D43C /* Nyang Village.entitlements */ = {isa = PBXFileReference; lastKnownFileType = text.plist.entitlements; path = "Nyang Village.entitlements"; sourceTree = "<group>"; };
		666C5C8E28A77E1700991176 /* ChattingViewController.swift */ = {isa = PBXFileReference; lastKnownFileType = sourcecode.swift; path = ChattingViewController.swift; sourceTree = "<group>"; };
		6678F5B028A8C7840049938F /* JalnanOTF.otf */ = {isa = PBXFileReference; lastKnownFileType = file; path = JalnanOTF.otf; sourceTree = "<group>"; };
		667A9ADF28AD0DC40068582F /* MyTableViewCell.swift */ = {isa = PBXFileReference; lastKnownFileType = sourcecode.swift; path = MyTableViewCell.swift; sourceTree = "<group>"; };
		667A9AE028AD0DC40068582F /* MyTableViewCell.xib */ = {isa = PBXFileReference; lastKnownFileType = file.xib; path = MyTableViewCell.xib; sourceTree = "<group>"; };
		66992B2D28D06533008E0E7A /* ReportPopUpViewController.swift */ = {isa = PBXFileReference; lastKnownFileType = sourcecode.swift; path = ReportPopUpViewController.swift; sourceTree = "<group>"; };
		669BBB4A28AF551900EB4DF4 /* UITextView_Extention.swift */ = {isa = PBXFileReference; lastKnownFileType = sourcecode.swift; path = UITextView_Extention.swift; sourceTree = "<group>"; };
		669BBB4C28AF658D00EB4DF4 /* RoomInNameRow.swift */ = {isa = PBXFileReference; lastKnownFileType = sourcecode.swift; path = RoomInNameRow.swift; sourceTree = "<group>"; };
		669BBB4E28AF688100EB4DF4 /* RoomInNamesRow.swift */ = {isa = PBXFileReference; lastKnownFileType = sourcecode.swift; path = RoomInNamesRow.swift; sourceTree = "<group>"; };
		669BBB5228AF6A9200EB4DF4 /* ChatInfoRow.swift */ = {isa = PBXFileReference; lastKnownFileType = sourcecode.swift; path = ChatInfoRow.swift; sourceTree = "<group>"; };
		66A126442865D978007B3547 /* LoginRequest.swift */ = {isa = PBXFileReference; lastKnownFileType = sourcecode.swift; path = LoginRequest.swift; sourceTree = "<group>"; };
		66A126462865E48A007B3547 /* LoginResponse.swift */ = {isa = PBXFileReference; lastKnownFileType = sourcecode.swift; path = LoginResponse.swift; sourceTree = "<group>"; };
		66AA9F592840B04E00988A60 /* MainTableViewCell.swift */ = {isa = PBXFileReference; lastKnownFileType = sourcecode.swift; path = MainTableViewCell.swift; sourceTree = "<group>"; };
		66AA9F5A2840B04E00988A60 /* MainTableViewCell.xib */ = {isa = PBXFileReference; lastKnownFileType = file.xib; path = MainTableViewCell.xib; sourceTree = "<group>"; };
		66B195A928BCAC1A00019892 /* YourTableViewCell.swift */ = {isa = PBXFileReference; lastKnownFileType = sourcecode.swift; path = YourTableViewCell.swift; sourceTree = "<group>"; };
		66B195AA28BCAC1A00019892 /* YourTableViewCell.xib */ = {isa = PBXFileReference; lastKnownFileType = file.xib; path = YourTableViewCell.xib; sourceTree = "<group>"; };
		66B530832844C1770064B490 /* MainViewPresenter.swift */ = {isa = PBXFileReference; lastKnownFileType = sourcecode.swift; path = MainViewPresenter.swift; sourceTree = "<group>"; };
		66B530852844C1C10064B490 /* MainViewModel.swift */ = {isa = PBXFileReference; lastKnownFileType = sourcecode.swift; path = MainViewModel.swift; sourceTree = "<group>"; };
		66B8D184283DDA76000EB71B /* Protocol.swift */ = {isa = PBXFileReference; lastKnownFileType = sourcecode.swift; path = Protocol.swift; sourceTree = "<group>"; };
		66C1F7FB28314949001FD2FE /* MainViewController.swift */ = {isa = PBXFileReference; lastKnownFileType = sourcecode.swift; path = MainViewController.swift; sourceTree = "<group>"; };
		66C1F7FD28314951001FD2FE /* LoginViewController.swift */ = {isa = PBXFileReference; lastKnownFileType = sourcecode.swift; path = LoginViewController.swift; sourceTree = "<group>"; };
		66C1F80028314A34001FD2FE /* UIView_Extention.swift */ = {isa = PBXFileReference; lastKnownFileType = sourcecode.swift; path = UIView_Extention.swift; sourceTree = "<group>"; };
		66C8773128A226EB002903CF /* RoomInfoRow.swift */ = {isa = PBXFileReference; lastKnownFileType = sourcecode.swift; path = RoomInfoRow.swift; sourceTree = "<group>"; };
		66C9A4E52893A8870073C0C4 /* SettingViewController.swift */ = {isa = PBXFileReference; lastKnownFileType = sourcecode.swift; path = SettingViewController.swift; sourceTree = "<group>"; };
		66D0634C28AE02870024E1AF /* NotiRoomInfo.swift */ = {isa = PBXFileReference; lastKnownFileType = sourcecode.swift; path = NotiRoomInfo.swift; sourceTree = "<group>"; };
		66D0634F28AE0E3A0024E1AF /* UserInfoRow.swift */ = {isa = PBXFileReference; lastKnownFileType = sourcecode.swift; path = UserInfoRow.swift; sourceTree = "<group>"; };
		66E1C78B28E95260002DEF1C /* ConnectChat.swift */ = {isa = PBXFileReference; lastKnownFileType = sourcecode.swift; path = ConnectChat.swift; sourceTree = "<group>"; };
		66E9800928C4BC4F00136504 /* OutMessageTableViewCell.swift */ = {isa = PBXFileReference; lastKnownFileType = sourcecode.swift; path = OutMessageTableViewCell.swift; sourceTree = "<group>"; };
		66E9800A28C4BC4F00136504 /* OutMessageTableViewCell.xib */ = {isa = PBXFileReference; lastKnownFileType = file.xib; path = OutMessageTableViewCell.xib; sourceTree = "<group>"; };
		66F5BEB62804643D0002240C /* GoogleService-Info.plist */ = {isa = PBXFileReference; fileEncoding = 4; lastKnownFileType = text.plist.xml; path = "GoogleService-Info.plist"; sourceTree = "<group>"; };
		66F5EEA9287C57350057C285 /* UINavigationController.swift */ = {isa = PBXFileReference; lastKnownFileType = sourcecode.swift; path = UINavigationController.swift; sourceTree = "<group>"; };
		66FB085B28D73E8000901880 /* SettingTableViewCell.swift */ = {isa = PBXFileReference; lastKnownFileType = sourcecode.swift; path = SettingTableViewCell.swift; sourceTree = "<group>"; };
		66FB085C28D73E8000901880 /* SettingTableViewCell.xib */ = {isa = PBXFileReference; lastKnownFileType = file.xib; path = SettingTableViewCell.xib; sourceTree = "<group>"; };
		859A35855346CD60860891DF /* Pods-Nyang Village.release.xcconfig */ = {isa = PBXFileReference; includeInIndex = 1; lastKnownFileType = text.xcconfig; name = "Pods-Nyang Village.release.xcconfig"; path = "Target Support Files/Pods-Nyang Village/Pods-Nyang Village.release.xcconfig"; sourceTree = "<group>"; };
		D894EDED1EF20D4DC2AF2E62 /* Pods_Nyang_Village.framework */ = {isa = PBXFileReference; explicitFileType = wrapper.framework; includeInIndex = 0; path = Pods_Nyang_Village.framework; sourceTree = BUILT_PRODUCTS_DIR; };
		DCBC9BD51F0D33329EA76414 /* Pods-Nyang Village.debug.xcconfig */ = {isa = PBXFileReference; includeInIndex = 1; lastKnownFileType = text.xcconfig; name = "Pods-Nyang Village.debug.xcconfig"; path = "Target Support Files/Pods-Nyang Village/Pods-Nyang Village.debug.xcconfig"; sourceTree = "<group>"; };
/* End PBXFileReference section */

/* Begin PBXFrameworksBuildPhase section */
		664B2DA727FC708D00109DFB /* Frameworks */ = {
			isa = PBXFrameworksBuildPhase;
			buildActionMask = 2147483647;
			files = (
				6E7867EFD964041F86EF3311 /* Pods_Nyang_Village.framework in Frameworks */,
			);
			runOnlyForDeploymentPostprocessing = 0;
		};
/* End PBXFrameworksBuildPhase section */

/* Begin PBXGroup section */
		5176C8EA4DE9158BDC87972E /* Frameworks */ = {
			isa = PBXGroup;
			children = (
				D894EDED1EF20D4DC2AF2E62 /* Pods_Nyang_Village.framework */,
			);
			name = Frameworks;
			sourceTree = "<group>";
		};
		6611977C283164560033CB33 /* Fonts */ = {
			isa = PBXGroup;
			children = (
				661197902831667A0033CB33 /* SCDream1.otf */,
				6611978F2831667A0033CB33 /* SCDream2.otf */,
				661197962831667C0033CB33 /* SCDream3.otf */,
				661197922831667B0033CB33 /* SCDream4.otf */,
				661197942831667B0033CB33 /* SCDream5.otf */,
				661197912831667B0033CB33 /* SCDream6.otf */,
				661197972831667C0033CB33 /* SCDream7.otf */,
				661197932831667B0033CB33 /* SCDream8.otf */,
				661197952831667B0033CB33 /* SCDream9.otf */,
				6678F5B028A8C7840049938F /* JalnanOTF.otf */,
			);
			path = Fonts;
			sourceTree = "<group>";
		};
		6625937428C33AA30034F4C1 /* SideMenuView(TableView) */ = {
			isa = PBXGroup;
			children = (
				6625937228C33A6B0034F4C1 /* SideMenuNavigation.swift */,
				6625937528C33ACF0034F4C1 /* SideMenuViewController.swift */,
				6625937728C3447F0034F4C1 /* SideMenuTableViewCell.swift */,
				6625937828C3447F0034F4C1 /* SideMenuTableViewCell.xib */,
			);
			path = "SideMenuView(TableView)";
			sourceTree = "<group>";
		};
		664B2DA127FC708D00109DFB = {
			isa = PBXGroup;
			children = (
				66C1F7FA2831493E001FD2FE /* Model */,
				66C1F7F928314938001FD2FE /* View */,
				66C1F7F82831492E001FD2FE /* Presenter */,
				664B2DAC27FC708D00109DFB /* Nyang Village */,
				664B2DAB27FC708D00109DFB /* Products */,
				E15539E4DC57C978CBBE24AB /* Pods */,
				5176C8EA4DE9158BDC87972E /* Frameworks */,
			);
			sourceTree = "<group>";
		};
		664B2DAB27FC708D00109DFB /* Products */ = {
			isa = PBXGroup;
			children = (
				664B2DAA27FC708D00109DFB /* Nyang Village.app */,
			);
			name = Products;
			sourceTree = "<group>";
		};
		664B2DAC27FC708D00109DFB /* Nyang Village */ = {
			isa = PBXGroup;
			children = (
				664F296B280469A100F1D43C /* Nyang Village.entitlements */,
				664B2DAD27FC708D00109DFB /* AppDelegate.swift */,
				664B2DAF27FC708D00109DFB /* SceneDelegate.swift */,
				664B2DB327FC708D00109DFB /* Main.storyboard */,
				664B2DB627FC708E00109DFB /* Assets.xcassets */,
				664B2DB827FC708E00109DFB /* LaunchScreen.storyboard */,
				66F5BEB62804643D0002240C /* GoogleService-Info.plist */,
				664B2DBB27FC708E00109DFB /* Info.plist */,
			);
			path = "Nyang Village";
			sourceTree = "<group>";
		};
		667A9ADE28AD0D8F0068582F /* ChatView(TableView) */ = {
			isa = PBXGroup;
			children = (
				666C5C8E28A77E1700991176 /* ChattingViewController.swift */,
				667A9ADF28AD0DC40068582F /* MyTableViewCell.swift */,
				667A9AE028AD0DC40068582F /* MyTableViewCell.xib */,
				66B195A928BCAC1A00019892 /* YourTableViewCell.swift */,
				66B195AA28BCAC1A00019892 /* YourTableViewCell.xib */,
				66E9800928C4BC4F00136504 /* OutMessageTableViewCell.swift */,
				66E9800A28C4BC4F00136504 /* OutMessageTableViewCell.xib */,
				664AB73C28D8A52000D753DF /* Type1TableViewCell.swift */,
				664AB73D28D8A52000D753DF /* Type1TableViewCell.xib */,
			);
			path = "ChatView(TableView)";
			sourceTree = "<group>";
		};
		669BBB5028AF6A4200EB4DF4 /* RoomInNameSql */ = {
			isa = PBXGroup;
			children = (
				669BBB4C28AF658D00EB4DF4 /* RoomInNameRow.swift */,
				669BBB4E28AF688100EB4DF4 /* RoomInNamesRow.swift */,
			);
			path = RoomInNameSql;
			sourceTree = "<group>";
		};
		669BBB5128AF6A6A00EB4DF4 /* ChatInfoSql */ = {
			isa = PBXGroup;
			children = (
				669BBB5228AF6A9200EB4DF4 /* ChatInfoRow.swift */,
			);
			path = ChatInfoSql;
			sourceTree = "<group>";
		};
		66A126432865D957007B3547 /* Entity */ = {
			isa = PBXGroup;
			children = (
				66A126442865D978007B3547 /* LoginRequest.swift */,
				66A126462865E48A007B3547 /* LoginResponse.swift */,
				660723D72898CE9B0010A3D4 /* Sql.swift */,
				669BBB5128AF6A6A00EB4DF4 /* ChatInfoSql */,
				66D0634B28AE026E0024E1AF /* RoomInfoSql */,
				66D0634E28AE0DE70024E1AF /* UserInfoSql */,
				669BBB5028AF6A4200EB4DF4 /* RoomInNameSql */,
			);
			path = Entity;
			sourceTree = "<group>";
		};
		66A126482865FC59007B3547 /* MainView(TableView) */ = {
			isa = PBXGroup;
			children = (
				66C1F7FB28314949001FD2FE /* MainViewController.swift */,
				66AA9F592840B04E00988A60 /* MainTableViewCell.swift */,
				66AA9F5A2840B04E00988A60 /* MainTableViewCell.xib */,
			);
			path = "MainView(TableView)";
			sourceTree = "<group>";
		};
		66C1F7F82831492E001FD2FE /* Presenter */ = {
			isa = PBXGroup;
			children = (
				6611868628326CFE0002A832 /* LoginViewPresenter.swift */,
				66B530832844C1770064B490 /* MainViewPresenter.swift */,
				66B8D184283DDA76000EB71B /* Protocol.swift */,
			);
			path = Presenter;
			sourceTree = "<group>";
		};
		66C1F7F928314938001FD2FE /* View */ = {
			isa = PBXGroup;
			children = (
				66C1F7FD28314951001FD2FE /* LoginViewController.swift */,
				66A126482865FC59007B3547 /* MainView(TableView) */,
				667A9ADE28AD0D8F0068582F /* ChatView(TableView) */,
				6625937428C33AA30034F4C1 /* SideMenuView(TableView) */,
				66C9A4E52893A8870073C0C4 /* SettingViewController.swift */,
				66FB085B28D73E8000901880 /* SettingTableViewCell.swift */,
				66FB085C28D73E8000901880 /* SettingTableViewCell.xib */,
				66992B2D28D06533008E0E7A /* ReportPopUpViewController.swift */,
			);
			path = View;
			sourceTree = "<group>";
		};
		66C1F7FA2831493E001FD2FE /* Model */ = {
			isa = PBXGroup;
			children = (
				66A126432865D957007B3547 /* Entity */,
				6611977C283164560033CB33 /* Fonts */,
				66C1F7FF28314A15001FD2FE /* Extention */,
				6611868828326D340002A832 /* LoginViewModel.swift */,
				66B530852844C1C10064B490 /* MainViewModel.swift */,
				66E1C78B28E95260002DEF1C /* ConnectChat.swift */,
			);
			path = Model;
			sourceTree = "<group>";
		};
		66C1F7FF28314A15001FD2FE /* Extention */ = {
			isa = PBXGroup;
			children = (
				66C1F80028314A34001FD2FE /* UIView_Extention.swift */,
				661197A1283174FE0033CB33 /* UITextField_Extention.swift */,
				66F5EEA9287C57350057C285 /* UINavigationController.swift */,
				669BBB4A28AF551900EB4DF4 /* UITextView_Extention.swift */,
			);
			path = Extention;
			sourceTree = "<group>";
		};
		66D0634B28AE026E0024E1AF /* RoomInfoSql */ = {
			isa = PBXGroup;
			children = (
				66C8773128A226EB002903CF /* RoomInfoRow.swift */,
				66D0634C28AE02870024E1AF /* NotiRoomInfo.swift */,
			);
			path = RoomInfoSql;
			sourceTree = "<group>";
		};
		66D0634E28AE0DE70024E1AF /* UserInfoSql */ = {
			isa = PBXGroup;
			children = (
				66D0634F28AE0E3A0024E1AF /* UserInfoRow.swift */,
			);
			path = UserInfoSql;
			sourceTree = "<group>";
		};
		E15539E4DC57C978CBBE24AB /* Pods */ = {
			isa = PBXGroup;
			children = (
				DCBC9BD51F0D33329EA76414 /* Pods-Nyang Village.debug.xcconfig */,
				859A35855346CD60860891DF /* Pods-Nyang Village.release.xcconfig */,
			);
			path = Pods;
			sourceTree = "<group>";
		};
/* End PBXGroup section */

/* Begin PBXNativeTarget section */
		664B2DA927FC708D00109DFB /* Nyang Village */ = {
			isa = PBXNativeTarget;
			buildConfigurationList = 664B2DBE27FC708E00109DFB /* Build configuration list for PBXNativeTarget "Nyang Village" */;
			buildPhases = (
				F2F9DE1E979E29FDC1CAE53E /* [CP] Check Pods Manifest.lock */,
				664B2DA627FC708D00109DFB /* Sources */,
				664B2DA727FC708D00109DFB /* Frameworks */,
				664B2DA827FC708D00109DFB /* Resources */,
				B8E63E0404E17F111DA82370 /* [CP] Embed Pods Frameworks */,
			);
			buildRules = (
			);
			dependencies = (
			);
			name = "Nyang Village";
			productName = "Nyang Village";
			productReference = 664B2DAA27FC708D00109DFB /* Nyang Village.app */;
			productType = "com.apple.product-type.application";
		};
/* End PBXNativeTarget section */

/* Begin PBXProject section */
		664B2DA227FC708D00109DFB /* Project object */ = {
			isa = PBXProject;
			attributes = {
				BuildIndependentTargetsInParallel = 1;
				LastSwiftUpdateCheck = 1330;
				LastUpgradeCheck = 1330;
				TargetAttributes = {
					664B2DA927FC708D00109DFB = {
						CreatedOnToolsVersion = 13.3;
					};
				};
			};
			buildConfigurationList = 664B2DA527FC708D00109DFB /* Build configuration list for PBXProject "Nyang Village" */;
			compatibilityVersion = "Xcode 13.0";
			developmentRegion = en;
			hasScannedForEncodings = 0;
			knownRegions = (
				en,
				Base,
			);
			mainGroup = 664B2DA127FC708D00109DFB;
			productRefGroup = 664B2DAB27FC708D00109DFB /* Products */;
			projectDirPath = "";
			projectRoot = "";
			targets = (
				664B2DA927FC708D00109DFB /* Nyang Village */,
			);
		};
/* End PBXProject section */

/* Begin PBXResourcesBuildPhase section */
		664B2DA827FC708D00109DFB /* Resources */ = {
			isa = PBXResourcesBuildPhase;
			buildActionMask = 2147483647;
			files = (
				661197982831667C0033CB33 /* SCDream2.otf in Resources */,
				664B2DBA27FC708E00109DFB /* LaunchScreen.storyboard in Resources */,
				6611979A2831667C0033CB33 /* SCDream6.otf in Resources */,
				6611979C2831667C0033CB33 /* SCDream8.otf in Resources */,
				66AA9F5C2840B04E00988A60 /* MainTableViewCell.xib in Resources */,
				664B2DB727FC708E00109DFB /* Assets.xcassets in Resources */,
				66E9800C28C4BC4F00136504 /* OutMessageTableViewCell.xib in Resources */,
				6611979D2831667C0033CB33 /* SCDream5.otf in Resources */,
				6611979E2831667C0033CB33 /* SCDream9.otf in Resources */,
				66B195AC28BCAC1A00019892 /* YourTableViewCell.xib in Resources */,
				661197992831667C0033CB33 /* SCDream1.otf in Resources */,
				661197A02831667C0033CB33 /* SCDream7.otf in Resources */,
				664B2DB527FC708D00109DFB /* Main.storyboard in Resources */,
				6611979F2831667C0033CB33 /* SCDream3.otf in Resources */,
				6678F5B128A8C7840049938F /* JalnanOTF.otf in Resources */,
				667A9AE228AD0DC40068582F /* MyTableViewCell.xib in Resources */,
				6625937A28C3447F0034F4C1 /* SideMenuTableViewCell.xib in Resources */,
				664AB73F28D8A52000D753DF /* Type1TableViewCell.xib in Resources */,
				6611979B2831667C0033CB33 /* SCDream4.otf in Resources */,
				66FB085E28D73E8000901880 /* SettingTableViewCell.xib in Resources */,
				66F5BEB72804643D0002240C /* GoogleService-Info.plist in Resources */,
			);
			runOnlyForDeploymentPostprocessing = 0;
		};
/* End PBXResourcesBuildPhase section */

/* Begin PBXShellScriptBuildPhase section */
		B8E63E0404E17F111DA82370 /* [CP] Embed Pods Frameworks */ = {
			isa = PBXShellScriptBuildPhase;
			buildActionMask = 2147483647;
			files = (
			);
			inputFileListPaths = (
				"${PODS_ROOT}/Target Support Files/Pods-Nyang Village/Pods-Nyang Village-frameworks-${CONFIGURATION}-input-files.xcfilelist",
			);
			name = "[CP] Embed Pods Frameworks";
			outputFileListPaths = (
				"${PODS_ROOT}/Target Support Files/Pods-Nyang Village/Pods-Nyang Village-frameworks-${CONFIGURATION}-output-files.xcfilelist",
			);
			runOnlyForDeploymentPostprocessing = 0;
			shellPath = /bin/sh;
			shellScript = "\"${PODS_ROOT}/Target Support Files/Pods-Nyang Village/Pods-Nyang Village-frameworks.sh\"\n";
			showEnvVarsInLog = 0;
		};
		F2F9DE1E979E29FDC1CAE53E /* [CP] Check Pods Manifest.lock */ = {
			isa = PBXShellScriptBuildPhase;
			buildActionMask = 2147483647;
			files = (
			);
			inputFileListPaths = (
			);
			inputPaths = (
				"${PODS_PODFILE_DIR_PATH}/Podfile.lock",
				"${PODS_ROOT}/Manifest.lock",
			);
			name = "[CP] Check Pods Manifest.lock";
			outputFileListPaths = (
			);
			outputPaths = (
				"$(DERIVED_FILE_DIR)/Pods-Nyang Village-checkManifestLockResult.txt",
			);
			runOnlyForDeploymentPostprocessing = 0;
			shellPath = /bin/sh;
			shellScript = "diff \"${PODS_PODFILE_DIR_PATH}/Podfile.lock\" \"${PODS_ROOT}/Manifest.lock\" > /dev/null\nif [ $? != 0 ] ; then\n    # print error to STDERR\n    echo \"error: The sandbox is not in sync with the Podfile.lock. Run 'pod install' or update your CocoaPods installation.\" >&2\n    exit 1\nfi\n# This output is used by Xcode 'outputs' to avoid re-running this script phase.\necho \"SUCCESS\" > \"${SCRIPT_OUTPUT_FILE_0}\"\n";
			showEnvVarsInLog = 0;
		};
/* End PBXShellScriptBuildPhase section */

/* Begin PBXSourcesBuildPhase section */
		664B2DA627FC708D00109DFB /* Sources */ = {
			isa = PBXSourcesBuildPhase;
			buildActionMask = 2147483647;
			files = (
				66FB085D28D73E8000901880 /* SettingTableViewCell.swift in Sources */,
				66C1F7FE28314951001FD2FE /* LoginViewController.swift in Sources */,
				66E1C78C28E95260002DEF1C /* ConnectChat.swift in Sources */,
				669BBB4F28AF688100EB4DF4 /* RoomInNamesRow.swift in Sources */,
				66B530842844C1770064B490 /* MainViewPresenter.swift in Sources */,
				66D0634D28AE02870024E1AF /* NotiRoomInfo.swift in Sources */,
				66C1F7FC28314949001FD2FE /* MainViewController.swift in Sources */,
				666C5C8F28A77E1700991176 /* ChattingViewController.swift in Sources */,
				6625937628C33ACF0034F4C1 /* SideMenuViewController.swift in Sources */,
				66C9A4E62893A8870073C0C4 /* SettingViewController.swift in Sources */,
				66C1F80128314A34001FD2FE /* UIView_Extention.swift in Sources */,
				66992B2E28D06533008E0E7A /* ReportPopUpViewController.swift in Sources */,
				664AB73E28D8A52000D753DF /* Type1TableViewCell.swift in Sources */,
				664B2DAE27FC708D00109DFB /* AppDelegate.swift in Sources */,
				66AA9F5B2840B04E00988A60 /* MainTableViewCell.swift in Sources */,
				66A126472865E48A007B3547 /* LoginResponse.swift in Sources */,
				66A126452865D978007B3547 /* LoginRequest.swift in Sources */,
				669BBB4D28AF658D00EB4DF4 /* RoomInNameRow.swift in Sources */,
				66F5EEAA287C57350057C285 /* UINavigationController.swift in Sources */,
				6625937928C3447F0034F4C1 /* SideMenuTableViewCell.swift in Sources */,
				6611868928326D340002A832 /* LoginViewModel.swift in Sources */,
				66B8D185283DDA76000EB71B /* Protocol.swift in Sources */,
				66E9800B28C4BC4F00136504 /* OutMessageTableViewCell.swift in Sources */,
				669BBB5328AF6A9200EB4DF4 /* ChatInfoRow.swift in Sources */,
				667A9AE128AD0DC40068582F /* MyTableViewCell.swift in Sources */,
				661197A2283174FE0033CB33 /* UITextField_Extention.swift in Sources */,
				664B2DB027FC708D00109DFB /* SceneDelegate.swift in Sources */,
				6611868728326CFE0002A832 /* LoginViewPresenter.swift in Sources */,
				6625937328C33A6B0034F4C1 /* SideMenuNavigation.swift in Sources */,
				660723D82898CE9B0010A3D4 /* Sql.swift in Sources */,
				66B195AB28BCAC1A00019892 /* YourTableViewCell.swift in Sources */,
				669BBB4B28AF551900EB4DF4 /* UITextView_Extention.swift in Sources */,
				66C8773228A226EB002903CF /* RoomInfoRow.swift in Sources */,
				66D0635028AE0E3A0024E1AF /* UserInfoRow.swift in Sources */,
				66B530862844C1C10064B490 /* MainViewModel.swift in Sources */,
			);
			runOnlyForDeploymentPostprocessing = 0;
		};
/* End PBXSourcesBuildPhase section */

/* Begin PBXVariantGroup section */
		664B2DB327FC708D00109DFB /* Main.storyboard */ = {
			isa = PBXVariantGroup;
			children = (
				664B2DB427FC708D00109DFB /* Base */,
			);
			name = Main.storyboard;
			sourceTree = "<group>";
		};
		664B2DB827FC708E00109DFB /* LaunchScreen.storyboard */ = {
			isa = PBXVariantGroup;
			children = (
				664B2DB927FC708E00109DFB /* Base */,
			);
			name = LaunchScreen.storyboard;
			sourceTree = "<group>";
		};
/* End PBXVariantGroup section */

/* Begin XCBuildConfiguration section */
		664B2DBC27FC708E00109DFB /* Debug */ = {
			isa = XCBuildConfiguration;
			buildSettings = {
				ALWAYS_SEARCH_USER_PATHS = NO;
				CLANG_ANALYZER_NONNULL = YES;
				CLANG_ANALYZER_NUMBER_OBJECT_CONVERSION = YES_AGGRESSIVE;
				CLANG_CXX_LANGUAGE_STANDARD = "gnu++17";
				CLANG_ENABLE_MODULES = YES;
				CLANG_ENABLE_OBJC_ARC = YES;
				CLANG_ENABLE_OBJC_WEAK = YES;
				CLANG_WARN_BLOCK_CAPTURE_AUTORELEASING = YES;
				CLANG_WARN_BOOL_CONVERSION = YES;
				CLANG_WARN_COMMA = YES;
				CLANG_WARN_CONSTANT_CONVERSION = YES;
				CLANG_WARN_DEPRECATED_OBJC_IMPLEMENTATIONS = YES;
				CLANG_WARN_DIRECT_OBJC_ISA_USAGE = YES_ERROR;
				CLANG_WARN_DOCUMENTATION_COMMENTS = YES;
				CLANG_WARN_EMPTY_BODY = YES;
				CLANG_WARN_ENUM_CONVERSION = YES;
				CLANG_WARN_INFINITE_RECURSION = YES;
				CLANG_WARN_INT_CONVERSION = YES;
				CLANG_WARN_NON_LITERAL_NULL_CONVERSION = YES;
				CLANG_WARN_OBJC_IMPLICIT_RETAIN_SELF = YES;
				CLANG_WARN_OBJC_LITERAL_CONVERSION = YES;
				CLANG_WARN_OBJC_ROOT_CLASS = YES_ERROR;
				CLANG_WARN_QUOTED_INCLUDE_IN_FRAMEWORK_HEADER = YES;
				CLANG_WARN_RANGE_LOOP_ANALYSIS = YES;
				CLANG_WARN_STRICT_PROTOTYPES = YES;
				CLANG_WARN_SUSPICIOUS_MOVE = YES;
				CLANG_WARN_UNGUARDED_AVAILABILITY = YES_AGGRESSIVE;
				CLANG_WARN_UNREACHABLE_CODE = YES;
				CLANG_WARN__DUPLICATE_METHOD_MATCH = YES;
				COPY_PHASE_STRIP = NO;
				DEBUG_INFORMATION_FORMAT = dwarf;
				ENABLE_STRICT_OBJC_MSGSEND = YES;
				ENABLE_TESTABILITY = YES;
				GCC_C_LANGUAGE_STANDARD = gnu11;
				GCC_DYNAMIC_NO_PIC = NO;
				GCC_NO_COMMON_BLOCKS = YES;
				GCC_OPTIMIZATION_LEVEL = 0;
				GCC_PREPROCESSOR_DEFINITIONS = (
					"DEBUG=1",
					"$(inherited)",
				);
				GCC_WARN_64_TO_32_BIT_CONVERSION = YES;
				GCC_WARN_ABOUT_RETURN_TYPE = YES_ERROR;
				GCC_WARN_UNDECLARED_SELECTOR = YES;
				GCC_WARN_UNINITIALIZED_AUTOS = YES_AGGRESSIVE;
				GCC_WARN_UNUSED_FUNCTION = YES;
				GCC_WARN_UNUSED_VARIABLE = YES;
				IPHONEOS_DEPLOYMENT_TARGET = 15.4;
				MTL_ENABLE_DEBUG_INFO = INCLUDE_SOURCE;
				MTL_FAST_MATH = YES;
				ONLY_ACTIVE_ARCH = YES;
				SDKROOT = iphoneos;
				SWIFT_ACTIVE_COMPILATION_CONDITIONS = DEBUG;
				SWIFT_OPTIMIZATION_LEVEL = "-Onone";
			};
			name = Debug;
		};
		664B2DBD27FC708E00109DFB /* Release */ = {
			isa = XCBuildConfiguration;
			buildSettings = {
				ALWAYS_SEARCH_USER_PATHS = NO;
				CLANG_ANALYZER_NONNULL = YES;
				CLANG_ANALYZER_NUMBER_OBJECT_CONVERSION = YES_AGGRESSIVE;
				CLANG_CXX_LANGUAGE_STANDARD = "gnu++17";
				CLANG_ENABLE_MODULES = YES;
				CLANG_ENABLE_OBJC_ARC = YES;
				CLANG_ENABLE_OBJC_WEAK = YES;
				CLANG_WARN_BLOCK_CAPTURE_AUTORELEASING = YES;
				CLANG_WARN_BOOL_CONVERSION = YES;
				CLANG_WARN_COMMA = YES;
				CLANG_WARN_CONSTANT_CONVERSION = YES;
				CLANG_WARN_DEPRECATED_OBJC_IMPLEMENTATIONS = YES;
				CLANG_WARN_DIRECT_OBJC_ISA_USAGE = YES_ERROR;
				CLANG_WARN_DOCUMENTATION_COMMENTS = YES;
				CLANG_WARN_EMPTY_BODY = YES;
				CLANG_WARN_ENUM_CONVERSION = YES;
				CLANG_WARN_INFINITE_RECURSION = YES;
				CLANG_WARN_INT_CONVERSION = YES;
				CLANG_WARN_NON_LITERAL_NULL_CONVERSION = YES;
				CLANG_WARN_OBJC_IMPLICIT_RETAIN_SELF = YES;
				CLANG_WARN_OBJC_LITERAL_CONVERSION = YES;
				CLANG_WARN_OBJC_ROOT_CLASS = YES_ERROR;
				CLANG_WARN_QUOTED_INCLUDE_IN_FRAMEWORK_HEADER = YES;
				CLANG_WARN_RANGE_LOOP_ANALYSIS = YES;
				CLANG_WARN_STRICT_PROTOTYPES = YES;
				CLANG_WARN_SUSPICIOUS_MOVE = YES;
				CLANG_WARN_UNGUARDED_AVAILABILITY = YES_AGGRESSIVE;
				CLANG_WARN_UNREACHABLE_CODE = YES;
				CLANG_WARN__DUPLICATE_METHOD_MATCH = YES;
				COPY_PHASE_STRIP = NO;
				DEBUG_INFORMATION_FORMAT = "dwarf-with-dsym";
				ENABLE_NS_ASSERTIONS = NO;
				ENABLE_STRICT_OBJC_MSGSEND = YES;
				GCC_C_LANGUAGE_STANDARD = gnu11;
				GCC_NO_COMMON_BLOCKS = YES;
				GCC_WARN_64_TO_32_BIT_CONVERSION = YES;
				GCC_WARN_ABOUT_RETURN_TYPE = YES_ERROR;
				GCC_WARN_UNDECLARED_SELECTOR = YES;
				GCC_WARN_UNINITIALIZED_AUTOS = YES_AGGRESSIVE;
				GCC_WARN_UNUSED_FUNCTION = YES;
				GCC_WARN_UNUSED_VARIABLE = YES;
				IPHONEOS_DEPLOYMENT_TARGET = 15.4;
				MTL_ENABLE_DEBUG_INFO = NO;
				MTL_FAST_MATH = YES;
				SDKROOT = iphoneos;
				SWIFT_COMPILATION_MODE = wholemodule;
				SWIFT_OPTIMIZATION_LEVEL = "-O";
				VALIDATE_PRODUCT = YES;
			};
			name = Release;
		};
		664B2DBF27FC708E00109DFB /* Debug */ = {
			isa = XCBuildConfiguration;
			baseConfigurationReference = DCBC9BD51F0D33329EA76414 /* Pods-Nyang Village.debug.xcconfig */;
			buildSettings = {
				ASSETCATALOG_COMPILER_APPICON_NAME = AppIcon;
				ASSETCATALOG_COMPILER_GLOBAL_ACCENT_COLOR_NAME = AccentColor;
				CODE_SIGN_ENTITLEMENTS = "Nyang Village/Nyang Village.entitlements";
				CODE_SIGN_STYLE = Automatic;
				CURRENT_PROJECT_VERSION = 1;
				DEVELOPMENT_TEAM = VMAWA3XBC6;
				GENERATE_INFOPLIST_FILE = YES;
				INFOPLIST_FILE = "Nyang Village/Info.plist";
				INFOPLIST_KEY_UIApplicationSupportsIndirectInputEvents = YES;
				INFOPLIST_KEY_UILaunchStoryboardName = LaunchScreen;
				INFOPLIST_KEY_UIMainStoryboardFile = Main;
				INFOPLIST_KEY_UISupportedInterfaceOrientations = UIInterfaceOrientationPortrait;
				INFOPLIST_KEY_UISupportedInterfaceOrientations_iPad = "UIInterfaceOrientationPortrait UIInterfaceOrientationPortraitUpsideDown UIInterfaceOrientationLandscapeLeft UIInterfaceOrientationLandscapeRight";
				INFOPLIST_KEY_UISupportedInterfaceOrientations_iPhone = "UIInterfaceOrientationPortrait UIInterfaceOrientationLandscapeLeft UIInterfaceOrientationLandscapeRight";
				INFOPLIST_KEY_UIUserInterfaceStyle = Light;
				IPHONEOS_DEPLOYMENT_TARGET = 15.0;
				LD_RUNPATH_SEARCH_PATHS = (
					"$(inherited)",
					"@executable_path/Frameworks",
				);
				MARKETING_VERSION = 1.0;
				PRODUCT_BUNDLE_IDENTIFIER = "kr.xoul.Nyang-Village";
				PRODUCT_NAME = "$(TARGET_NAME)";
				SWIFT_EMIT_LOC_STRINGS = YES;
				SWIFT_VERSION = 5.0;
				TARGETED_DEVICE_FAMILY = 1;
			};
			name = Debug;
		};
		664B2DC027FC708E00109DFB /* Release */ = {
			isa = XCBuildConfiguration;
			baseConfigurationReference = 859A35855346CD60860891DF /* Pods-Nyang Village.release.xcconfig */;
			buildSettings = {
				ASSETCATALOG_COMPILER_APPICON_NAME = AppIcon;
				ASSETCATALOG_COMPILER_GLOBAL_ACCENT_COLOR_NAME = AccentColor;
				CODE_SIGN_ENTITLEMENTS = "Nyang Village/Nyang Village.entitlements";
				CODE_SIGN_STYLE = Automatic;
				CURRENT_PROJECT_VERSION = 1;
				DEVELOPMENT_TEAM = VMAWA3XBC6;
				GENERATE_INFOPLIST_FILE = YES;
				INFOPLIST_FILE = "Nyang Village/Info.plist";
				INFOPLIST_KEY_UIApplicationSupportsIndirectInputEvents = YES;
				INFOPLIST_KEY_UILaunchStoryboardName = LaunchScreen;
				INFOPLIST_KEY_UIMainStoryboardFile = Main;
				INFOPLIST_KEY_UISupportedInterfaceOrientations = UIInterfaceOrientationPortrait;
				INFOPLIST_KEY_UISupportedInterfaceOrientations_iPad = "UIInterfaceOrientationPortrait UIInterfaceOrientationPortraitUpsideDown UIInterfaceOrientationLandscapeLeft UIInterfaceOrientationLandscapeRight";
				INFOPLIST_KEY_UISupportedInterfaceOrientations_iPhone = "UIInterfaceOrientationPortrait UIInterfaceOrientationLandscapeLeft UIInterfaceOrientationLandscapeRight";
				INFOPLIST_KEY_UIUserInterfaceStyle = Light;
				IPHONEOS_DEPLOYMENT_TARGET = 15.0;
				LD_RUNPATH_SEARCH_PATHS = (
					"$(inherited)",
					"@executable_path/Frameworks",
				);
				MARKETING_VERSION = 1.0;
				PRODUCT_BUNDLE_IDENTIFIER = "kr.xoul.Nyang-Village";
				PRODUCT_NAME = "$(TARGET_NAME)";
				SWIFT_EMIT_LOC_STRINGS = YES;
				SWIFT_VERSION = 5.0;
				TARGETED_DEVICE_FAMILY = 1;
			};
			name = Release;
		};
/* End XCBuildConfiguration section */

/* Begin XCConfigurationList section */
		664B2DA527FC708D00109DFB /* Build configuration list for PBXProject "Nyang Village" */ = {
			isa = XCConfigurationList;
			buildConfigurations = (
				664B2DBC27FC708E00109DFB /* Debug */,
				664B2DBD27FC708E00109DFB /* Release */,
			);
			defaultConfigurationIsVisible = 0;
			defaultConfigurationName = Release;
		};
		664B2DBE27FC708E00109DFB /* Build configuration list for PBXNativeTarget "Nyang Village" */ = {
			isa = XCConfigurationList;
			buildConfigurations = (
				664B2DBF27FC708E00109DFB /* Debug */,
				664B2DC027FC708E00109DFB /* Release */,
			);
			defaultConfigurationIsVisible = 0;
			defaultConfigurationName = Release;
		};
/* End XCConfigurationList section */
	};
	rootObject = 664B2DA227FC708D00109DFB /* Project object */;
}
